
Microsoft Visual Studio Solution File, Format Version 12.00
# Visual Studio Version 17
VisualStudioVersion = 17.1.32414.318
MinimumVisualStudioVersion = 10.0.40219.1
Project("{9A19103F-16F7-4668-BE54-9A1E7A4F7556}") = "ProductList.Domain", "ProductList.Domain\ProductList.Domain.csproj", "{FAF62BD7-1E7D-4F57-8BF1-D258D807B397}"
EndProject
Project("{9A19103F-16F7-4668-BE54-9A1E7A4F7556}") = "ProductList.MinimalApi", "ProductList.MinimalApi\ProductList.MinimalApi.csproj", "{7B6F7298-FE08-4EC2-AE85-3DD8AC280270}"
EndProject
Project("{9A19103F-16F7-4668-BE54-9A1E7A4F7556}") = "ProductList.gRPC", "ProductList.gRPC\ProductList.gRPC.csproj", "{AE973E4E-0422-4FB4-A438-AFD4A912B5F6}"
EndProject
Project("{9A19103F-16F7-4668-BE54-9A1E7A4F7556}") = "ProductList.RESTfulAPI", "ProductList.RESTfulAPI\ProductList.RESTfulAPI.csproj", "{199EFE7F-8C76-4031-BA2E-450EBEA5088F}"
EndProject
Project("{FAE04EC0-301F-11D3-BF4B-00C04F79EFBC}") = "ProductList.GraphQL", "ProductList.GraphQL\ProductList.GraphQL.csproj", "{2CEC8510-7325-4770-8499-505764AB3493}"
EndProject
Global
	GlobalSection(SolutionConfigurationPlatforms) = preSolution
		Debug|Any CPU = Debug|Any CPU
		Release|Any CPU = Release|Any CPU
	EndGlobalSection
	GlobalSection(ProjectConfigurationPlatforms) = postSolution
		{FAF62BD7-1E7D-4F57-8BF1-D258D807B397}.Debug|Any CPU.ActiveCfg = Debug|Any CPU
		{FAF62BD7-1E7D-4F57-8BF1-D258D807B397}.Debug|Any CPU.Build.0 = Debug|Any CPU
		{FAF62BD7-1E7D-4F57-8BF1-D258D807B397}.Release|Any CPU.ActiveCfg = Release|Any CPU
		{FAF62BD7-1E7D-4F57-8BF1-D258D807B397}.Release|Any CPU.Build.0 = Release|Any CPU
		{7B6F7298-FE08-4EC2-AE85-3DD8AC280270}.Debug|Any CPU.ActiveCfg = Debug|Any CPU
		{7B6F7298-FE08-4EC2-AE85-3DD8AC280270}.Debug|Any CPU.Build.0 = Debug|Any CPU
		{7B6F7298-FE08-4EC2-AE85-3DD8AC280270}.Release|Any CPU.ActiveCfg = Release|Any CPU
		{7B6F7298-FE08-4EC2-AE85-3DD8AC280270}.Release|Any CPU.Build.0 = Release|Any CPU
		{AE973E4E-0422-4FB4-A438-AFD4A912B5F6}.Debug|Any CPU.ActiveCfg = Debug|Any CPU
		{AE973E4E-0422-4FB4-A438-AFD4A912B5F6}.Debug|Any CPU.Build.0 = Debug|Any CPU
		{AE973E4E-0422-4FB4-A438-AFD4A912B5F6}.Release|Any CPU.ActiveCfg = Release|Any CPU
		{AE973E4E-0422-4FB4-A438-AFD4A912B5F6}.Release|Any CPU.Build.0 = Release|Any CPU
		{199EFE7F-8C76-4031-BA2E-450EBEA5088F}.Debug|Any CPU.ActiveCfg = Debug|Any CPU
		{199EFE7F-8C76-4031-BA2E-450EBEA5088F}.Debug|Any CPU.Build.0 = Debug|Any CPU
		{199EFE7F-8C76-4031-BA2E-450EBEA5088F}.Release|Any CPU.ActiveCfg = Release|Any CPU
		{199EFE7F-8C76-4031-BA2E-450EBEA5088F}.Release|Any CPU.Build.0 = Release|Any CPU
		{2CEC8510-7325-4770-8499-505764AB3493}.Debug|Any CPU.ActiveCfg = Debug|Any CPU
		{2CEC8510-7325-4770-8499-505764AB3493}.Debug|Any CPU.Build.0 = Debug|Any CPU
		{2CEC8510-7325-4770-8499-505764AB3493}.Release|Any CPU.ActiveCfg = Release|Any CPU
		{2CEC8510-7325-4770-8499-505764AB3493}.Release|Any CPU.Build.0 = Release|Any CPU
	EndGlobalSection
	GlobalSection(SolutionProperties) = preSolution
		HideSolutionNode = FALSE
	EndGlobalSection
	GlobalSection(ExtensibilityGlobals) = postSolution
		SolutionGuid = {6237E32C-3E22-4216-AAA9-2F57005ACC70}
	EndGlobalSection
EndGlobal
